// !$*UTF8*$!
{
	archiveVersion = 1;
	classes = {
	};
	objectVersion = 55;
	objects = {

/* Begin PBXBuildFile section */
		2D7E5DEA27557AC9002FF3B7 /* SpotifySpikeApp.swift in Sources */ = {isa = PBXBuildFile; fileRef = 2D7E5DE927557AC9002FF3B7 /* SpotifySpikeApp.swift */; };
		2D7E5DEC27557AC9002FF3B7 /* ContentView.swift in Sources */ = {isa = PBXBuildFile; fileRef = 2D7E5DEB27557AC9002FF3B7 /* ContentView.swift */; };
		2D7E5DEE27557ACA002FF3B7 /* Assets.xcassets in Resources */ = {isa = PBXBuildFile; fileRef = 2D7E5DED27557ACA002FF3B7 /* Assets.xcassets */; };
		2D7E5DF127557ACA002FF3B7 /* Preview Assets.xcassets in Resources */ = {isa = PBXBuildFile; fileRef = 2D7E5DF027557ACA002FF3B7 /* Preview Assets.xcassets */; };
		2D7E5DFB27557ACA002FF3B7 /* SpotifySpikeTests.swift in Sources */ = {isa = PBXBuildFile; fileRef = 2D7E5DFA27557ACA002FF3B7 /* SpotifySpikeTests.swift */; };
		2D7E5E0527557ACA002FF3B7 /* SpotifySpikeUITests.swift in Sources */ = {isa = PBXBuildFile; fileRef = 2D7E5E0427557ACA002FF3B7 /* SpotifySpikeUITests.swift */; };
		2D7E5E0727557ACA002FF3B7 /* SpotifySpikeUITestsLaunchTests.swift in Sources */ = {isa = PBXBuildFile; fileRef = 2D7E5E0627557ACA002FF3B7 /* SpotifySpikeUITestsLaunchTests.swift */; };
/* End PBXBuildFile section */

/* Begin PBXContainerItemProxy section */
		2D7E5DF727557ACA002FF3B7 /* PBXContainerItemProxy */ = {
			isa = PBXContainerItemProxy;
			containerPortal = 2D7E5DDE27557AC9002FF3B7 /* Project object */;
			proxyType = 1;
			remoteGlobalIDString = 2D7E5DE527557AC9002FF3B7;
			remoteInfo = SpotifySpike;
		};
		2D7E5E0127557ACA002FF3B7 /* PBXContainerItemProxy */ = {
			isa = PBXContainerItemProxy;
			containerPortal = 2D7E5DDE27557AC9002FF3B7 /* Project object */;
			proxyType = 1;
			remoteGlobalIDString = 2D7E5DE527557AC9002FF3B7;
			remoteInfo = SpotifySpike;
		};
/* End PBXContainerItemProxy section */

/* Begin PBXFileReference section */
		2D7E5DE627557AC9002FF3B7 /* SpotifySpike.app */ = {isa = PBXFileReference; explicitFileType = wrapper.application; includeInIndex = 0; path = SpotifySpike.app; sourceTree = BUILT_PRODUCTS_DIR; };
		2D7E5DE927557AC9002FF3B7 /* SpotifySpikeApp.swift */ = {isa = PBXFileReference; lastKnownFileType = sourcecode.swift; path = SpotifySpikeApp.swift; sourceTree = "<group>"; };
		2D7E5DEB27557AC9002FF3B7 /* ContentView.swift */ = {isa = PBXFileReference; lastKnownFileType = sourcecode.swift; path = ContentView.swift; sourceTree = "<group>"; };
		2D7E5DED27557ACA002FF3B7 /* Assets.xcassets */ = {isa = PBXFileReference; lastKnownFileType = folder.assetcatalog; path = Assets.xcassets; sourceTree = "<group>"; };
		2D7E5DF027557ACA002FF3B7 /* Preview Assets.xcassets */ = {isa = PBXFileReference; lastKnownFileType = folder.assetcatalog; path = "Preview Assets.xcassets"; sourceTree = "<group>"; };
		2D7E5DF627557ACA002FF3B7 /* SpotifySpikeTests.xctest */ = {isa = PBXFileReference; explicitFileType = wrapper.cfbundle; includeInIndex = 0; path = SpotifySpikeTests.xctest; sourceTree = BUILT_PRODUCTS_DIR; };
		2D7E5DFA27557ACA002FF3B7 /* SpotifySpikeTests.swift */ = {isa = PBXFileReference; lastKnownFileType = sourcecode.swift; path = SpotifySpikeTests.swift; sourceTree = "<group>"; };
		2D7E5E0027557ACA002FF3B7 /* SpotifySpikeUITests.xctest */ = {isa = PBXFileReference; explicitFileType = wrapper.cfbundle; includeInIndex = 0; path = SpotifySpikeUITests.xctest; sourceTree = BUILT_PRODUCTS_DIR; };
		2D7E5E0427557ACA002FF3B7 /* SpotifySpikeUITests.swift */ = {isa = PBXFileReference; lastKnownFileType = sourcecode.swift; path = SpotifySpikeUITests.swift; sourceTree = "<group>"; };
		2D7E5E0627557ACA002FF3B7 /* SpotifySpikeUITestsLaunchTests.swift */ = {isa = PBXFileReference; lastKnownFileType = sourcecode.swift; path = SpotifySpikeUITestsLaunchTests.swift; sourceTree = "<group>"; };
/* End PBXFileReference section */

/* Begin PBXFrameworksBuildPhase section */
		2D7E5DE327557AC9002FF3B7 /* Frameworks */ = {
			isa = PBXFrameworksBuildPhase;
			buildActionMask = 2147483647;
			files = (
			);
			runOnlyForDeploymentPostprocessing = 0;
		};
		2D7E5DF327557ACA002FF3B7 /* Frameworks */ = {
			isa = PBXFrameworksBuildPhase;
			buildActionMask = 2147483647;
			files = (
			);
			runOnlyForDeploymentPostprocessing = 0;
		};
		2D7E5DFD27557ACA002FF3B7 /* Frameworks */ = {
			isa = PBXFrameworksBuildPhase;
			buildActionMask = 2147483647;
			files = (
			);
			runOnlyForDeploymentPostprocessing = 0;
		};
/* End PBXFrameworksBuildPhase section */

/* Begin PBXGroup section */
		2D7E5DDD27557AC9002FF3B7 = {
			isa = PBXGroup;
			children = (
				2D7E5DE827557AC9002FF3B7 /* SpotifySpike */,
				2D7E5DF927557ACA002FF3B7 /* SpotifySpikeTests */,
				2D7E5E0327557ACA002FF3B7 /* SpotifySpikeUITests */,
				2D7E5DE727557AC9002FF3B7 /* Products */,
			);
			sourceTree = "<group>";
		};
		2D7E5DE727557AC9002FF3B7 /* Products */ = {
			isa = PBXGroup;
			children = (
				2D7E5DE627557AC9002FF3B7 /* SpotifySpike.app */,
				2D7E5DF627557ACA002FF3B7 /* SpotifySpikeTests.xctest */,
				2D7E5E0027557ACA002FF3B7 /* SpotifySpikeUITests.xctest */,
			);
			name = Products;
			sourceTree = "<group>";
		};
		2D7E5DE827557AC9002FF3B7 /* SpotifySpike */ = {
			isa = PBXGroup;
			children = (
				2D7E5DE927557AC9002FF3B7 /* SpotifySpikeApp.swift */,
				2D7E5DEB27557AC9002FF3B7 /* ContentView.swift */,
				2D7E5DED27557ACA002FF3B7 /* Assets.xcassets */,
				2D7E5DEF27557ACA002FF3B7 /* Preview Content */,
			);
			path = SpotifySpike;
			sourceTree = "<group>";
		};
		2D7E5DEF27557ACA002FF3B7 /* Preview Content */ = {
			isa = PBXGroup;
			children = (
				2D7E5DF027557ACA002FF3B7 /* Preview Assets.xcassets */,
			);
			path = "Preview Content";
			sourceTree = "<group>";
		};
		2D7E5DF927557ACA002FF3B7 /* SpotifySpikeTests */ = {
			isa = PBXGroup;
			children = (
				2D7E5DFA27557ACA002FF3B7 /* SpotifySpikeTests.swift */,
			);
			path = SpotifySpikeTests;
			sourceTree = "<group>";
		};
		2D7E5E0327557ACA002FF3B7 /* SpotifySpikeUITests */ = {
			isa = PBXGroup;
			children = (
				2D7E5E0427557ACA002FF3B7 /* SpotifySpikeUITests.swift */,
				2D7E5E0627557ACA002FF3B7 /* SpotifySpikeUITestsLaunchTests.swift */,
			);
			path = SpotifySpikeUITests;
			sourceTree = "<group>";
		};
/* End PBXGroup section */

/* Begin PBXNativeTarget section */
		2D7E5DE527557AC9002FF3B7 /* SpotifySpike */ = {
			isa = PBXNativeTarget;
			buildConfigurationList = 2D7E5E0A27557ACA002FF3B7 /* Build configuration list for PBXNativeTarget "SpotifySpike" */;
			buildPhases = (
				2D7E5DE227557AC9002FF3B7 /* Sources */,
				2D7E5DE327557AC9002FF3B7 /* Frameworks */,
				2D7E5DE427557AC9002FF3B7 /* Resources */,
			);
			buildRules = (
			);
			dependencies = (
			);
			name = SpotifySpike;
			productName = SpotifySpike;
			productReference = 2D7E5DE627557AC9002FF3B7 /* SpotifySpike.app */;
			productType = "com.apple.product-type.application";
		};
		2D7E5DF527557ACA002FF3B7 /* SpotifySpikeTests */ = {
			isa = PBXNativeTarget;
			buildConfigurationList = 2D7E5E0D27557ACA002FF3B7 /* Build configuration list for PBXNativeTarget "SpotifySpikeTests" */;
			buildPhases = (
				2D7E5DF227557ACA002FF3B7 /* Sources */,
				2D7E5DF327557ACA002FF3B7 /* Frameworks */,
				2D7E5DF427557ACA002FF3B7 /* Resources */,
			);
			buildRules = (
			);
			dependencies = (
				2D7E5DF827557ACA002FF3B7 /* PBXTargetDependency */,
			);
			name = SpotifySpikeTests;
			productName = SpotifySpikeTests;
			productReference = 2D7E5DF627557ACA002FF3B7 /* SpotifySpikeTests.xctest */;
			productType = "com.apple.product-type.bundle.unit-test";
		};
		2D7E5DFF27557ACA002FF3B7 /* SpotifySpikeUITests */ = {
			isa = PBXNativeTarget;
			buildConfigurationList = 2D7E5E1027557ACA002FF3B7 /* Build configuration list for PBXNativeTarget "SpotifySpikeUITests" */;
			buildPhases = (
				2D7E5DFC27557ACA002FF3B7 /* Sources */,
				2D7E5DFD27557ACA002FF3B7 /* Frameworks */,
				2D7E5DFE27557ACA002FF3B7 /* Resources */,
			);
			buildRules = (
			);
			dependencies = (
				2D7E5E0227557ACA002FF3B7 /* PBXTargetDependency */,
			);
			name = SpotifySpikeUITests;
			productName = SpotifySpikeUITests;
			productReference = 2D7E5E0027557ACA002FF3B7 /* SpotifySpikeUITests.xctest */;
			productType = "com.apple.product-type.bundle.ui-testing";
		};
/* End PBXNativeTarget section */

/* Begin PBXProject section */
		2D7E5DDE27557AC9002FF3B7 /* Project object */ = {
			isa = PBXProject;
			attributes = {
				BuildIndependentTargetsInParallel = 1;
				LastSwiftUpdateCheck = 1310;
				LastUpgradeCheck = 1310;
				TargetAttributes = {
					2D7E5DE527557AC9002FF3B7 = {
						CreatedOnToolsVersion = 13.1;
					};
					2D7E5DF527557ACA002FF3B7 = {
						CreatedOnToolsVersion = 13.1;
						TestTargetID = 2D7E5DE527557AC9002FF3B7;
					};
					2D7E5DFF27557ACA002FF3B7 = {
						CreatedOnToolsVersion = 13.1;
						TestTargetID = 2D7E5DE527557AC9002FF3B7;
					};
				};
			};
			buildConfigurationList = 2D7E5DE127557AC9002FF3B7 /* Build configuration list for PBXProject "SpotifySpike" */;
			compatibilityVersion = "Xcode 13.0";
			developmentRegion = en;
			hasScannedForEncodings = 0;
			knownRegions = (
				en,
				Base,
			);
			mainGroup = 2D7E5DDD27557AC9002FF3B7;
			productRefGroup = 2D7E5DE727557AC9002FF3B7 /* Products */;
			projectDirPath = "";
			projectRoot = "";
			targets = (
				2D7E5DE527557AC9002FF3B7 /* SpotifySpike */,
				2D7E5DF527557ACA002FF3B7 /* SpotifySpikeTests */,
				2D7E5DFF27557ACA002FF3B7 /* SpotifySpikeUITests */,
			);
		};
/* End PBXProject section */

/* Begin PBXResourcesBuildPhase section */
		2D7E5DE427557AC9002FF3B7 /* Resources */ = {
			isa = PBXResourcesBuildPhase;
			buildActionMask = 2147483647;
			files = (
				2D7E5DF127557ACA002FF3B7 /* Preview Assets.xcassets in Resources */,
				2D7E5DEE27557ACA002FF3B7 /* Assets.xcassets in Resources */,
			);
			runOnlyForDeploymentPostprocessing = 0;
		};
		2D7E5DF427557ACA002FF3B7 /* Resources */ = {
			isa = PBXResourcesBuildPhase;
			buildActionMask = 2147483647;
			files = (
			);
			runOnlyForDeploymentPostprocessing = 0;
		};
		2D7E5DFE27557ACA002FF3B7 /* Resources */ = {
			isa = PBXResourcesBuildPhase;
			buildActionMask = 2147483647;
			files = (
			);
			runOnlyForDeploymentPostprocessing = 0;
		};
/* End PBXResourcesBuildPhase section */

/* Begin PBXSourcesBuildPhase section */
		2D7E5DE227557AC9002FF3B7 /* Sources */ = {
			isa = PBXSourcesBuildPhase;
			buildActionMask = 2147483647;
			files = (
				2D7E5DEC27557AC9002FF3B7 /* ContentView.swift in Sources */,
				2D7E5DEA27557AC9002FF3B7 /* SpotifySpikeApp.swift in Sources */,
			);
			runOnlyForDeploymentPostprocessing = 0;
		};
		2D7E5DF227557ACA002FF3B7 /* Sources */ = {
			isa = PBXSourcesBuildPhase;
			buildActionMask = 2147483647;
			files = (
				2D7E5DFB27557ACA002FF3B7 /* SpotifySpikeTests.swift in Sources */,
			);
			runOnlyForDeploymentPostprocessing = 0;
		};
		2D7E5DFC27557ACA002FF3B7 /* Sources */ = {
			isa = PBXSourcesBuildPhase;
			buildActionMask = 2147483647;
			files = (
				2D7E5E0727557ACA002FF3B7 /* SpotifySpikeUITestsLaunchTests.swift in Sources */,
				2D7E5E0527557ACA002FF3B7 /* SpotifySpikeUITests.swift in Sources */,
			);
			runOnlyForDeploymentPostprocessing = 0;
		};
/* End PBXSourcesBuildPhase section */

/* Begin PBXTargetDependency section */
		2D7E5DF827557ACA002FF3B7 /* PBXTargetDependency */ = {
			isa = PBXTargetDependency;
			target = 2D7E5DE527557AC9002FF3B7 /* SpotifySpike */;
			targetProxy = 2D7E5DF727557ACA002FF3B7 /* PBXContainerItemProxy */;
		};
		2D7E5E0227557ACA002FF3B7 /* PBXTargetDependency */ = {
			isa = PBXTargetDependency;
			target = 2D7E5DE527557AC9002FF3B7 /* SpotifySpike */;
			targetProxy = 2D7E5E0127557ACA002FF3B7 /* PBXContainerItemProxy */;
		};
/* End PBXTargetDependency section */

/* Begin XCBuildConfiguration section */
		2D7E5E0827557ACA002FF3B7 /* Debug */ = {
			isa = XCBuildConfiguration;
			buildSettings = {
				ALWAYS_SEARCH_USER_PATHS = NO;
				CLANG_ANALYZER_NONNULL = YES;
				CLANG_ANALYZER_NUMBER_OBJECT_CONVERSION = YES_AGGRESSIVE;
				CLANG_CXX_LANGUAGE_STANDARD = "gnu++17";
				CLANG_CXX_LIBRARY = "libc++";
				CLANG_ENABLE_MODULES = YES;
				CLANG_ENABLE_OBJC_ARC = YES;
				CLANG_ENABLE_OBJC_WEAK = YES;
				CLANG_WARN_BLOCK_CAPTURE_AUTORELEASING = YES;
				CLANG_WARN_BOOL_CONVERSION = YES;
				CLANG_WARN_COMMA = YES;
				CLANG_WARN_CONSTANT_CONVERSION = YES;
				CLANG_WARN_DEPRECATED_OBJC_IMPLEMENTATIONS = YES;
				CLANG_WARN_DIRECT_OBJC_ISA_USAGE = YES_ERROR;
				CLANG_WARN_DOCUMENTATION_COMMENTS = YES;
				CLANG_WARN_EMPTY_BODY = YES;
				CLANG_WARN_ENUM_CONVERSION = YES;
				CLANG_WARN_INFINITE_RECURSION = YES;
				CLANG_WARN_INT_CONVERSION = YES;
				CLANG_WARN_NON_LITERAL_NULL_CONVERSION = YES;
				CLANG_WARN_OBJC_IMPLICIT_RETAIN_SELF = YES;
				CLANG_WARN_OBJC_LITERAL_CONVERSION = YES;
				CLANG_WARN_OBJC_ROOT_CLASS = YES_ERROR;
				CLANG_WARN_QUOTED_INCLUDE_IN_FRAMEWORK_HEADER = YES;
				CLANG_WARN_RANGE_LOOP_ANALYSIS = YES;
				CLANG_WARN_STRICT_PROTOTYPES = YES;
				CLANG_WARN_SUSPICIOUS_MOVE = YES;
				CLANG_WARN_UNGUARDED_AVAILABILITY = YES_AGGRESSIVE;
				CLANG_WARN_UNREACHABLE_CODE = YES;
				CLANG_WARN__DUPLICATE_METHOD_MATCH = YES;
				COPY_PHASE_STRIP = NO;
				DEBUG_INFORMATION_FORMAT = dwarf;
				ENABLE_STRICT_OBJC_MSGSEND = YES;
				ENABLE_TESTABILITY = YES;
				GCC_C_LANGUAGE_STANDARD = gnu11;
				GCC_DYNAMIC_NO_PIC = NO;
				GCC_NO_COMMON_BLOCKS = YES;
				GCC_OPTIMIZATION_LEVEL = 0;
				GCC_PREPROCESSOR_DEFINITIONS = (
					"DEBUG=1",
					"$(inherited)",
				);
				GCC_WARN_64_TO_32_BIT_CONVERSION = YES;
				GCC_WARN_ABOUT_RETURN_TYPE = YES_ERROR;
				GCC_WARN_UNDECLARED_SELECTOR = YES;
				GCC_WARN_UNINITIALIZED_AUTOS = YES_AGGRESSIVE;
				GCC_WARN_UNUSED_FUNCTION = YES;
				GCC_WARN_UNUSED_VARIABLE = YES;
				IPHONEOS_DEPLOYMENT_TARGET = 15.0;
				MTL_ENABLE_DEBUG_INFO = INCLUDE_SOURCE;
				MTL_FAST_MATH = YES;
				ONLY_ACTIVE_ARCH = YES;
				SDKROOT = iphoneos;
				SWIFT_ACTIVE_COMPILATION_CONDITIONS = DEBUG;
				SWIFT_OPTIMIZATION_LEVEL = "-Onone";
			};
			name = Debug;
		};
		2D7E5E0927557ACA002FF3B7 /* Release */ = {
			isa = XCBuildConfiguration;
			buildSettings = {
				ALWAYS_SEARCH_USER_PATHS = NO;
				CLANG_ANALYZER_NONNULL = YES;
				CLANG_ANALYZER_NUMBER_OBJECT_CONVERSION = YES_AGGRESSIVE;
				CLANG_CXX_LANGUAGE_STANDARD = "gnu++17";
				CLANG_CXX_LIBRARY = "libc++";
				CLANG_ENABLE_MODULES = YES;
				CLANG_ENABLE_OBJC_ARC = YES;
				CLANG_ENABLE_OBJC_WEAK = YES;
				CLANG_WARN_BLOCK_CAPTURE_AUTORELEASING = YES;
				CLANG_WARN_BOOL_CONVERSION = YES;
				CLANG_WARN_COMMA = YES;
				CLANG_WARN_CONSTANT_CONVERSION = YES;
				CLANG_WARN_DEPRECATED_OBJC_IMPLEMENTATIONS = YES;
				CLANG_WARN_DIRECT_OBJC_ISA_USAGE = YES_ERROR;
				CLANG_WARN_DOCUMENTATION_COMMENTS = YES;
				CLANG_WARN_EMPTY_BODY = YES;
				CLANG_WARN_ENUM_CONVERSION = YES;
				CLANG_WARN_INFINITE_RECURSION = YES;
				CLANG_WARN_INT_CONVERSION = YES;
				CLANG_WARN_NON_LITERAL_NULL_CONVERSION = YES;
				CLANG_WARN_OBJC_IMPLICIT_RETAIN_SELF = YES;
				CLANG_WARN_OBJC_LITERAL_CONVERSION = YES;
				CLANG_WARN_OBJC_ROOT_CLASS = YES_ERROR;
				CLANG_WARN_QUOTED_INCLUDE_IN_FRAMEWORK_HEADER = YES;
				CLANG_WARN_RANGE_LOOP_ANALYSIS = YES;
				CLANG_WARN_STRICT_PROTOTYPES = YES;
				CLANG_WARN_SUSPICIOUS_MOVE = YES;
				CLANG_WARN_UNGUARDED_AVAILABILITY = YES_AGGRESSIVE;
				CLANG_WARN_UNREACHABLE_CODE = YES;
				CLANG_WARN__DUPLICATE_METHOD_MATCH = YES;
				COPY_PHASE_STRIP = NO;
				DEBUG_INFORMATION_FORMAT = "dwarf-with-dsym";
				ENABLE_NS_ASSERTIONS = NO;
				ENABLE_STRICT_OBJC_MSGSEND = YES;
				GCC_C_LANGUAGE_STANDARD = gnu11;
				GCC_NO_COMMON_BLOCKS = YES;
				GCC_WARN_64_TO_32_BIT_CONVERSION = YES;
				GCC_WARN_ABOUT_RETURN_TYPE = YES_ERROR;
				GCC_WARN_UNDECLARED_SELECTOR = YES;
				GCC_WARN_UNINITIALIZED_AUTOS = YES_AGGRESSIVE;
				GCC_WARN_UNUSED_FUNCTION = YES;
				GCC_WARN_UNUSED_VARIABLE = YES;
				IPHONEOS_DEPLOYMENT_TARGET = 15.0;
				MTL_ENABLE_DEBUG_INFO = NO;
				MTL_FAST_MATH = YES;
				SDKROOT = iphoneos;
				SWIFT_COMPILATION_MODE = wholemodule;
				SWIFT_OPTIMIZATION_LEVEL = "-O";
				VALIDATE_PRODUCT = YES;
			};
			name = Release;
		};
		2D7E5E0B27557ACA002FF3B7 /* Debug */ = {
			isa = XCBuildConfiguration;
			buildSettings = {
				ASSETCATALOG_COMPILER_APPICON_NAME = AppIcon;
				ASSETCATALOG_COMPILER_GLOBAL_ACCENT_COLOR_NAME = AccentColor;
				CODE_SIGN_STYLE = Automatic;
				CURRENT_PROJECT_VERSION = 1;
				DEVELOPMENT_ASSET_PATHS = "\"SpotifySpike/Preview Content\"";
				DEVELOPMENT_TEAM = 737N65LX4C;
				ENABLE_PREVIEWS = YES;
				GENERATE_INFOPLIST_FILE = YES;
				INFOPLIST_KEY_UIApplicationSceneManifest_Generation = YES;
				INFOPLIST_KEY_UIApplicationSupportsIndirectInputEvents = YES;
				INFOPLIST_KEY_UILaunchScreen_Generation = YES;
				INFOPLIST_KEY_UISupportedInterfaceOrientations_iPad = "UIInterfaceOrientationPortrait UIInterfaceOrientationPortraitUpsideDown UIInterfaceOrientationLandscapeLeft UIInterfaceOrientationLandscapeRight";
				INFOPLIST_KEY_UISupportedInterfaceOrientations_iPhone = "UIInterfaceOrientationPortrait UIInterfaceOrientationLandscapeLeft UIInterfaceOrientationLandscapeRight";
				LD_RUNPATH_SEARCH_PATHS = (
					"$(inherited)",
					"@executable_path/Frameworks",
				);
				MARKETING_VERSION = 1.0;
				PRODUCT_BUNDLE_IDENTIFIER = com.ivanquisco.SpotifySpike;
				PRODUCT_NAME = "$(TARGET_NAME)";
				SWIFT_EMIT_LOC_STRINGS = YES;
				SWIFT_VERSION = 5.0;
				TARGETED_DEVICE_FAMILY = "1,2";
			};
			name = Debug;
		};
		2D7E5E0C27557ACA002FF3B7 /* Release */ = {
			isa = XCBuildConfiguration;
			buildSettings = {
				ASSETCATALOG_COMPILER_APPICON_NAME = AppIcon;
				ASSETCATALOG_COMPILER_GLOBAL_ACCENT_COLOR_NAME = AccentColor;
				CODE_SIGN_STYLE = Automatic;
				CURRENT_PROJECT_VERSION = 1;
				DEVELOPMENT_ASSET_PATHS = "\"SpotifySpike/Preview Content\"";
				DEVELOPMENT_TEAM = 737N65LX4C;
				ENABLE_PREVIEWS = YES;
				GENERATE_INFOPLIST_FILE = YES;
				INFOPLIST_KEY_UIApplicationSceneManifest_Generation = YES;
				INFOPLIST_KEY_UIApplicationSupportsIndirectInputEvents = YES;
				INFOPLIST_KEY_UILaunchScreen_Generation = YES;
				INFOPLIST_KEY_UISupportedInterfaceOrientations_iPad = "UIInterfaceOrientationPortrait UIInterfaceOrientationPortraitUpsideDown UIInterfaceOrientationLandscapeLeft UIInterfaceOrientationLandscapeRight";
				INFOPLIST_KEY_UISupportedInterfaceOrientations_iPhone = "UIInterfaceOrientationPortrait UIInterfaceOrientationLandscapeLeft UIInterfaceOrientationLandscapeRight";
				LD_RUNPATH_SEARCH_PATHS = (
					"$(inherited)",
					"@executable_path/Frameworks",
				);
				MARKETING_VERSION = 1.0;
				PRODUCT_BUNDLE_IDENTIFIER = com.ivanquisco.SpotifySpike;
				PRODUCT_NAME = "$(TARGET_NAME)";
				SWIFT_EMIT_LOC_STRINGS = YES;
				SWIFT_VERSION = 5.0;
				TARGETED_DEVICE_FAMILY = "1,2";
			};
			name = Release;
		};
		2D7E5E0E27557ACA002FF3B7 /* Debug */ = {
			isa = XCBuildConfiguration;
			buildSettings = {
				ALWAYS_EMBED_SWIFT_STANDARD_LIBRARIES = YES;
				BUNDLE_LOADER = "$(TEST_HOST)";
				CODE_SIGN_STYLE = Automatic;
				CURRENT_PROJECT_VERSION = 1;
				DEVELOPMENT_TEAM = 737N65LX4C;
				GENERATE_INFOPLIST_FILE = YES;
				IPHONEOS_DEPLOYMENT_TARGET = 15.0;
				LD_RUNPATH_SEARCH_PATHS = (
					"$(inherited)",
					"@executable_path/Frameworks",
					"@loader_path/Frameworks",
				);
				MARKETING_VERSION = 1.0;
				PRODUCT_BUNDLE_IDENTIFIER = com.ivanquisco.SpotifySpikeTests;
				PRODUCT_NAME = "$(TARGET_NAME)";
				SWIFT_EMIT_LOC_STRINGS = NO;
				SWIFT_VERSION = 5.0;
				TARGETED_DEVICE_FAMILY = "1,2";
				TEST_HOST = "$(BUILT_PRODUCTS_DIR)/SpotifySpike.app/SpotifySpike";
			};
			name = Debug;
		};
		2D7E5E0F27557ACA002FF3B7 /* Release */ = {
			isa = XCBuildConfiguration;
			buildSettings = {
				ALWAYS_EMBED_SWIFT_STANDARD_LIBRARIES = YES;
				BUNDLE_LOADER = "$(TEST_HOST)";
				CODE_SIGN_STYLE = Automatic;
				CURRENT_PROJECT_VERSION = 1;
				DEVELOPMENT_TEAM = 737N65LX4C;
				GENERATE_INFOPLIST_FILE = YES;
				IPHONEOS_DEPLOYMENT_TARGET = 15.0;
				LD_RUNPATH_SEARCH_PATHS = (
					"$(inherited)",
					"@executable_path/Frameworks",
					"@loader_path/Frameworks",
				);
				MARKETING_VERSION = 1.0;
				PRODUCT_BUNDLE_IDENTIFIER = com.ivanquisco.SpotifySpikeTests;
				PRODUCT_NAME = "$(TARGET_NAME)";
				SWIFT_EMIT_LOC_STRINGS = NO;
				SWIFT_VERSION = 5.0;
				TARGETED_DEVICE_FAMILY = "1,2";
				TEST_HOST = "$(BUILT_PRODUCTS_DIR)/SpotifySpike.app/SpotifySpike";
			};
			name = Release;
		};
		2D7E5E1127557ACA002FF3B7 /* Debug */ = {
			isa = XCBuildConfiguration;
			buildSettings = {
				ALWAYS_EMBED_SWIFT_STANDARD_LIBRARIES = YES;
				CODE_SIGN_STYLE = Automatic;
				CURRENT_PROJECT_VERSION = 1;
				DEVELOPMENT_TEAM = 737N65LX4C;
				GENERATE_INFOPLIST_FILE = YES;
				LD_RUNPATH_SEARCH_PATHS = (
					"$(inherited)",
					"@executable_path/Frameworks",
					"@loader_path/Frameworks",
				);
				MARKETING_VERSION = 1.0;
				PRODUCT_BUNDLE_IDENTIFIER = com.ivanquisco.SpotifySpikeUITests;
				PRODUCT_NAME = "$(TARGET_NAME)";
				SWIFT_EMIT_LOC_STRINGS = NO;
				SWIFT_VERSION = 5.0;
				TARGETED_DEVICE_FAMILY = "1,2";
				TEST_TARGET_NAME = SpotifySpike;
			};
			name = Debug;
		};
		2D7E5E1227557ACA002FF3B7 /* Release */ = {
			isa = XCBuildConfiguration;
			buildSettings = {
				ALWAYS_EMBED_SWIFT_STANDARD_LIBRARIES = YES;
				CODE_SIGN_STYLE = Automatic;
				CURRENT_PROJECT_VERSION = 1;
				DEVELOPMENT_TEAM = 737N65LX4C;
				GENERATE_INFOPLIST_FILE = YES;
				LD_RUNPATH_SEARCH_PATHS = (
					"$(inherited)",
					"@executable_path/Frameworks",
					"@loader_path/Frameworks",
				);
				MARKETING_VERSION = 1.0;
				PRODUCT_BUNDLE_IDENTIFIER = com.ivanquisco.SpotifySpikeUITests;
				PRODUCT_NAME = "$(TARGET_NAME)";
				SWIFT_EMIT_LOC_STRINGS = NO;
				SWIFT_VERSION = 5.0;
				TARGETED_DEVICE_FAMILY = "1,2";
				TEST_TARGET_NAME = SpotifySpike;
			};
			name = Release;
		};
/* End XCBuildConfiguration section */

/* Begin XCConfigurationList section */
		2D7E5DE127557AC9002FF3B7 /* Build configuration list for PBXProject "SpotifySpike" */ = {
			isa = XCConfigurationList;
			buildConfigurations = (
				2D7E5E0827557ACA002FF3B7 /* Debug */,
				2D7E5E0927557ACA002FF3B7 /* Release */,
			);
			defaultConfigurationIsVisible = 0;
			defaultConfigurationName = Release;
		};
		2D7E5E0A27557ACA002FF3B7 /* Build configuration list for PBXNativeTarget "SpotifySpike" */ = {
			isa = XCConfigurationList;
			buildConfigurations = (
				2D7E5E0B27557ACA002FF3B7 /* Debug */,
				2D7E5E0C27557ACA002FF3B7 /* Release */,
			);
			defaultConfigurationIsVisible = 0;
			defaultConfigurationName = Release;
		};
		2D7E5E0D27557ACA002FF3B7 /* Build configuration list for PBXNativeTarget "SpotifySpikeTests" */ = {
			isa = XCConfigurationList;
			buildConfigurations = (
				2D7E5E0E27557ACA002FF3B7 /* Debug */,
				2D7E5E0F27557ACA002FF3B7 /* Release */,
			);
			defaultConfigurationIsVisible = 0;
			defaultConfigurationName = Release;
		};
		2D7E5E1027557ACA002FF3B7 /* Build configuration list for PBXNativeTarget "SpotifySpikeUITests" */ = {
			isa = XCConfigurationList;
			buildConfigurations = (
				2D7E5E1127557ACA002FF3B7 /* Debug */,
				2D7E5E1227557ACA002FF3B7 /* Release */,
			);
			defaultConfigurationIsVisible = 0;
			defaultConfigurationName = Release;
		};
/* End XCConfigurationList section */
	};
	rootObject = 2D7E5DDE27557AC9002FF3B7 /* Project object */;
}
